
Microsoft Visual Studio Solution File, Format Version 12.00
# Visual Studio Version 17
VisualStudioVersion = 17.5.33414.496
MinimumVisualStudioVersion = 10.0.40219.1
Project("{FAE04EC0-301F-11D3-BF4B-00C04F79EFBC}") = "Eventmi", "Eventmi\Eventmi.csproj", "{4670DBDA-4557-4DC0-A94C-B88D4BBFE4E5}"
EndProject
Project("{FAE04EC0-301F-11D3-BF4B-00C04F79EFBC}") = "Eventmi.Core", "Eventmi.Core\Eventmi.Core.csproj", "{9AD9F0B6-C87D-4E27-9828-E052F3604874}"
EndProject
Project("{FAE04EC0-301F-11D3-BF4B-00C04F79EFBC}") = "Eventmi.Infrastructure", "Eventmi.Infrastructure\Eventmi.Infrastructure.csproj", "{0D7603F0-1E63-40EC-BFB2-4137B3E8B0E4}"
EndProject
Project("{FAE04EC0-301F-11D3-BF4B-00C04F79EFBC}") = "Eventmi.Tests", "Eventmi.Tests\Eventmi.Tests.csproj", "{54BB282A-BC43-4046-8EF4-CEE9AC35E818}"
EndProject
Global
	GlobalSection(SolutionConfigurationPlatforms) = preSolution
		Debug|Any CPU = Debug|Any CPU
		Release|Any CPU = Release|Any CPU
	EndGlobalSection
	GlobalSection(ProjectConfigurationPlatforms) = postSolution
		{4670DBDA-4557-4DC0-A94C-B88D4BBFE4E5}.Debug|Any CPU.ActiveCfg = Debug|Any CPU
		{4670DBDA-4557-4DC0-A94C-B88D4BBFE4E5}.Debug|Any CPU.Build.0 = Debug|Any CPU
		{4670DBDA-4557-4DC0-A94C-B88D4BBFE4E5}.Release|Any CPU.ActiveCfg = Release|Any CPU
		{4670DBDA-4557-4DC0-A94C-B88D4BBFE4E5}.Release|Any CPU.Build.0 = Release|Any CPU
		{9AD9F0B6-C87D-4E27-9828-E052F3604874}.Debug|Any CPU.ActiveCfg = Debug|Any CPU
		{9AD9F0B6-C87D-4E27-9828-E052F3604874}.Debug|Any CPU.Build.0 = Debug|Any CPU
		{9AD9F0B6-C87D-4E27-9828-E052F3604874}.Release|Any CPU.ActiveCfg = Release|Any CPU
		{9AD9F0B6-C87D-4E27-9828-E052F3604874}.Release|Any CPU.Build.0 = Release|Any CPU
		{0D7603F0-1E63-40EC-BFB2-4137B3E8B0E4}.Debug|Any CPU.ActiveCfg = Debug|Any CPU
		{0D7603F0-1E63-40EC-BFB2-4137B3E8B0E4}.Debug|Any CPU.Build.0 = Debug|Any CPU
		{0D7603F0-1E63-40EC-BFB2-4137B3E8B0E4}.Release|Any CPU.ActiveCfg = Release|Any CPU
		{0D7603F0-1E63-40EC-BFB2-4137B3E8B0E4}.Release|Any CPU.Build.0 = Release|Any CPU
		{54BB282A-BC43-4046-8EF4-CEE9AC35E818}.Debug|Any CPU.ActiveCfg = Debug|Any CPU
		{54BB282A-BC43-4046-8EF4-CEE9AC35E818}.Debug|Any CPU.Build.0 = Debug|Any CPU
		{54BB282A-BC43-4046-8EF4-CEE9AC35E818}.Release|Any CPU.ActiveCfg = Release|Any CPU
		{54BB282A-BC43-4046-8EF4-CEE9AC35E818}.Release|Any CPU.Build.0 = Release|Any CPU
	EndGlobalSection
	GlobalSection(SolutionProperties) = preSolution
		HideSolutionNode = FALSE
	EndGlobalSection
	GlobalSection(ExtensibilityGlobals) = postSolution
		SolutionGuid = {5EA91285-CBE2-42A4-B9E7-13CDE825783F}
	EndGlobalSection
EndGlobal
