
Microsoft Visual Studio Solution File, Format Version 12.00
# Visual Studio Version 17
VisualStudioVersion = 17.5.33414.496
MinimumVisualStudioVersion = 10.0.40219.1
Project("{FAE04EC0-301F-11D3-BF4B-00C04F79EFBC}") = "P01_StudentSystem", "P01_StudentSystem\P01_StudentSystem.csproj", "{FB3412A1-4040-414C-8CF9-0BD2FFCF24AE}"
EndProject
Project("{FAE04EC0-301F-11D3-BF4B-00C04F79EFBC}") = "P01_StudentSystem.Data", "P01_StudentSystem.Data\P01_StudentSystem.Data.csproj", "{5862593C-9E6F-4AF5-97B6-7DD10E78BF94}"
EndProject
Project("{FAE04EC0-301F-11D3-BF4B-00C04F79EFBC}") = "P01_StudentSystem.Data.Models", "P01_StudentSystem.Data.Models\P01_StudentSystem.Data.Models.csproj", "{90900561-A9CF-4113-A77F-47BA9920CB5F}"
EndProject
Project("{FAE04EC0-301F-11D3-BF4B-00C04F79EFBC}") = "P01_StudentSystem.Data.Common", "P01_StudentSystem.Data.Common\P01_StudentSystem.Data.Common.csproj", "{5A8A65D6-9D16-4658-8740-945E38B9504B}"
EndProject
Global
	GlobalSection(SolutionConfigurationPlatforms) = preSolution
		Debug|Any CPU = Debug|Any CPU
		Release|Any CPU = Release|Any CPU
	EndGlobalSection
	GlobalSection(ProjectConfigurationPlatforms) = postSolution
		{FB3412A1-4040-414C-8CF9-0BD2FFCF24AE}.Debug|Any CPU.ActiveCfg = Debug|Any CPU
		{FB3412A1-4040-414C-8CF9-0BD2FFCF24AE}.Debug|Any CPU.Build.0 = Debug|Any CPU
		{FB3412A1-4040-414C-8CF9-0BD2FFCF24AE}.Release|Any CPU.ActiveCfg = Release|Any CPU
		{FB3412A1-4040-414C-8CF9-0BD2FFCF24AE}.Release|Any CPU.Build.0 = Release|Any CPU
		{5862593C-9E6F-4AF5-97B6-7DD10E78BF94}.Debug|Any CPU.ActiveCfg = Debug|Any CPU
		{5862593C-9E6F-4AF5-97B6-7DD10E78BF94}.Debug|Any CPU.Build.0 = Debug|Any CPU
		{5862593C-9E6F-4AF5-97B6-7DD10E78BF94}.Release|Any CPU.ActiveCfg = Release|Any CPU
		{5862593C-9E6F-4AF5-97B6-7DD10E78BF94}.Release|Any CPU.Build.0 = Release|Any CPU
		{90900561-A9CF-4113-A77F-47BA9920CB5F}.Debug|Any CPU.ActiveCfg = Debug|Any CPU
		{90900561-A9CF-4113-A77F-47BA9920CB5F}.Debug|Any CPU.Build.0 = Debug|Any CPU
		{90900561-A9CF-4113-A77F-47BA9920CB5F}.Release|Any CPU.ActiveCfg = Release|Any CPU
		{90900561-A9CF-4113-A77F-47BA9920CB5F}.Release|Any CPU.Build.0 = Release|Any CPU
		{5A8A65D6-9D16-4658-8740-945E38B9504B}.Debug|Any CPU.ActiveCfg = Debug|Any CPU
		{5A8A65D6-9D16-4658-8740-945E38B9504B}.Debug|Any CPU.Build.0 = Debug|Any CPU
		{5A8A65D6-9D16-4658-8740-945E38B9504B}.Release|Any CPU.ActiveCfg = Release|Any CPU
		{5A8A65D6-9D16-4658-8740-945E38B9504B}.Release|Any CPU.Build.0 = Release|Any CPU
	EndGlobalSection
	GlobalSection(SolutionProperties) = preSolution
		HideSolutionNode = FALSE
	EndGlobalSection
	GlobalSection(ExtensibilityGlobals) = postSolution
		SolutionGuid = {F3F9E2C9-E4A7-4E8C-BA31-B12D02BBA1DB}
	EndGlobalSection
EndGlobal
